// !$*UTF8*$!
{
	archiveVersion = 1;
	classes = {
	};
	objectVersion = 50;
	objects = {

/* Begin PBXBuildFile section */
		DECE6AE324C1A58C00994C17 /* AppDelegate.swift in Sources */ = {isa = PBXBuildFile; fileRef = DECE6AE224C1A58C00994C17 /* AppDelegate.swift */; };
		DECE6AE524C1A58C00994C17 /* SceneDelegate.swift in Sources */ = {isa = PBXBuildFile; fileRef = DECE6AE424C1A58C00994C17 /* SceneDelegate.swift */; };
		DECE6AE724C1A58C00994C17 /* ViewController.swift in Sources */ = {isa = PBXBuildFile; fileRef = DECE6AE624C1A58C00994C17 /* ViewController.swift */; };
		DECE6AEA24C1A58C00994C17 /* Main.storyboard in Resources */ = {isa = PBXBuildFile; fileRef = DECE6AE824C1A58C00994C17 /* Main.storyboard */; };
		DECE6AEC24C1A58E00994C17 /* Assets.xcassets in Resources */ = {isa = PBXBuildFile; fileRef = DECE6AEB24C1A58E00994C17 /* Assets.xcassets */; };
		DECE6AEF24C1A58E00994C17 /* LaunchScreen.storyboard in Resources */ = {isa = PBXBuildFile; fileRef = DECE6AED24C1A58E00994C17 /* LaunchScreen.storyboard */; };
/* End PBXBuildFile section */

/* Begin PBXFileReference section */
		DECE6ADF24C1A58C00994C17 /* airport list.app */ = {isa = PBXFileReference; explicitFileType = wrapper.application; includeInIndex = 0; path = "airport list.app"; sourceTree = BUILT_PRODUCTS_DIR; };
		DECE6AE224C1A58C00994C17 /* AppDelegate.swift */ = {isa = PBXFileReference; lastKnownFileType = sourcecode.swift; path = AppDelegate.swift; sourceTree = "<group>"; };
		DECE6AE424C1A58C00994C17 /* SceneDelegate.swift */ = {isa = PBXFileReference; lastKnownFileType = sourcecode.swift; path = SceneDelegate.swift; sourceTree = "<group>"; };
		DECE6AE624C1A58C00994C17 /* ViewController.swift */ = {isa = PBXFileReference; lastKnownFileType = sourcecode.swift; path = ViewController.swift; sourceTree = "<group>"; };
		DECE6AE924C1A58C00994C17 /* Base */ = {isa = PBXFileReference; lastKnownFileType = file.storyboard; name = Base; path = Base.lproj/Main.storyboard; sourceTree = "<group>"; };
		DECE6AEB24C1A58E00994C17 /* Assets.xcassets */ = {isa = PBXFileReference; lastKnownFileType = folder.assetcatalog; path = Assets.xcassets; sourceTree = "<group>"; };
		DECE6AEE24C1A58E00994C17 /* Base */ = {isa = PBXFileReference; lastKnownFileType = file.storyboard; name = Base; path = Base.lproj/LaunchScreen.storyboard; sourceTree = "<group>"; };
		DECE6AF024C1A58E00994C17 /* Info.plist */ = {isa = PBXFileReference; lastKnownFileType = text.plist.xml; path = Info.plist; sourceTree = "<group>"; };
/* End PBXFileReference section */

/* Begin PBXFrameworksBuildPhase section */
		DECE6ADC24C1A58C00994C17 /* Frameworks */ = {
			isa = PBXFrameworksBuildPhase;
			buildActionMask = 2147483647;
			files = (
			);
			runOnlyForDeploymentPostprocessing = 0;
		};
/* End PBXFrameworksBuildPhase section */

/* Begin PBXGroup section */
		DECE6AD624C1A58C00994C17 = {
			isa = PBXGroup;
			children = (
				DECE6AE124C1A58C00994C17 /* airport list */,
				DECE6AE024C1A58C00994C17 /* Products */,
			);
			sourceTree = "<group>";
		};
		DECE6AE024C1A58C00994C17 /* Products */ = {
			isa = PBXGroup;
			children = (
				DECE6ADF24C1A58C00994C17 /* airport list.app */,
			);
			name = Products;
			sourceTree = "<group>";
		};
		DECE6AE124C1A58C00994C17 /* airport list */ = {
			isa = PBXGroup;
			children = (
				DECE6AE224C1A58C00994C17 /* AppDelegate.swift */,
				DECE6AE424C1A58C00994C17 /* SceneDelegate.swift */,
				DECE6AE624C1A58C00994C17 /* ViewController.swift */,
				DECE6AE824C1A58C00994C17 /* Main.storyboard */,
				DECE6AEB24C1A58E00994C17 /* Assets.xcassets */,
				DECE6AED24C1A58E00994C17 /* LaunchScreen.storyboard */,
				DECE6AF024C1A58E00994C17 /* Info.plist */,
			);
			path = "airport list";
			sourceTree = "<group>";
		};
/* End PBXGroup section */

/* Begin PBXNativeTarget section */
		DECE6ADE24C1A58C00994C17 /* airport list */ = {
			isa = PBXNativeTarget;
			buildConfigurationList = DECE6AF324C1A58E00994C17 /* Build configuration list for PBXNativeTarget "airport list" */;
			buildPhases = (
				DECE6ADB24C1A58C00994C17 /* Sources */,
				DECE6ADC24C1A58C00994C17 /* Frameworks */,
				DECE6ADD24C1A58C00994C17 /* Resources */,
			);
			buildRules = (
			);
			dependencies = (
			);
			name = "airport list";
			productName = "airport list";
			productReference = DECE6ADF24C1A58C00994C17 /* airport list.app */;
			productType = "com.apple.product-type.application";
		};
/* End PBXNativeTarget section */

/* Begin PBXProject section */
		DECE6AD724C1A58C00994C17 /* Project object */ = {
			isa = PBXProject;
			attributes = {
				LastSwiftUpdateCheck = 1160;
				LastUpgradeCheck = 1160;
				ORGANIZATIONNAME = "yacob jamal kazal";
				TargetAttributes = {
					DECE6ADE24C1A58C00994C17 = {
						CreatedOnToolsVersion = 11.6;
					};
				};
			};
			buildConfigurationList = DECE6ADA24C1A58C00994C17 /* Build configuration list for PBXProject "airport list" */;
			compatibilityVersion = "Xcode 9.3";
			developmentRegion = en;
			hasScannedForEncodings = 0;
			knownRegions = (
				en,
				Base,
			);
			mainGroup = DECE6AD624C1A58C00994C17;
			productRefGroup = DECE6AE024C1A58C00994C17 /* Products */;
			projectDirPath = "";
			projectRoot = "";
			targets = (
				DECE6ADE24C1A58C00994C17 /* airport list */,
			);
		};
/* End PBXProject section */

/* Begin PBXResourcesBuildPhase section */
		DECE6ADD24C1A58C00994C17 /* Resources */ = {
			isa = PBXResourcesBuildPhase;
			buildActionMask = 2147483647;
			files = (
				DECE6AEF24C1A58E00994C17 /* LaunchScreen.storyboard in Resources */,
				DECE6AEC24C1A58E00994C17 /* Assets.xcassets in Resources */,
				DECE6AEA24C1A58C00994C17 /* Main.storyboard in Resources */,
			);
			runOnlyForDeploymentPostprocessing = 0;
		};
/* End PBXResourcesBuildPhase section */

/* Begin PBXSourcesBuildPhase section */
		DECE6ADB24C1A58C00994C17 /* Sources */ = {
			isa = PBXSourcesBuildPhase;
			buildActionMask = 2147483647;
			files = (
				DECE6AE724C1A58C00994C17 /* ViewController.swift in Sources */,
				DECE6AE324C1A58C00994C17 /* AppDelegate.swift in Sources */,
				DECE6AE524C1A58C00994C17 /* SceneDelegate.swift in Sources */,
			);
			runOnlyForDeploymentPostprocessing = 0;
		};
/* End PBXSourcesBuildPhase section */

/* Begin PBXVariantGroup section */
		DECE6AE824C1A58C00994C17 /* Main.storyboard */ = {
			isa = PBXVariantGroup;
			children = (
				DECE6AE924C1A58C00994C17 /* Base */,
			);
			name = Main.storyboard;
			sourceTree = "<group>";
		};
		DECE6AED24C1A58E00994C17 /* LaunchScreen.storyboard */ = {
			isa = PBXVariantGroup;
			children = (
				DECE6AEE24C1A58E00994C17 /* Base */,
			);
			name = LaunchScreen.storyboard;
			sourceTree = "<group>";
		};
/* End PBXVariantGroup section */

/* Begin XCBuildConfiguration section */
		DECE6AF124C1A58E00994C17 /* Debug */ = {
			isa = XCBuildConfiguration;
			buildSettings = {
				ALWAYS_SEARCH_USER_PATHS = NO;
				CLANG_ANALYZER_NONNULL = YES;
				CLANG_ANALYZER_NUMBER_OBJECT_CONVERSION = YES_AGGRESSIVE;
				CLANG_CXX_LANGUAGE_STANDARD = "gnu++14";
				CLANG_CXX_LIBRARY = "libc++";
				CLANG_ENABLE_MODULES = YES;
				CLANG_ENABLE_OBJC_ARC = YES;
				CLANG_ENABLE_OBJC_WEAK = YES;
				CLANG_WARN_BLOCK_CAPTURE_AUTORELEASING = YES;
				CLANG_WARN_BOOL_CONVERSION = YES;
				CLANG_WARN_COMMA = YES;
				CLANG_WARN_CONSTANT_CONVERSION = YES;
				CLANG_WARN_DEPRECATED_OBJC_IMPLEMENTATIONS = YES;
				CLANG_WARN_DIRECT_OBJC_ISA_USAGE = YES_ERROR;
				CLANG_WARN_DOCUMENTATION_COMMENTS = YES;
				CLANG_WARN_EMPTY_BODY = YES;
				CLANG_WARN_ENUM_CONVERSION = YES;
				CLANG_WARN_INFINITE_RECURSION = YES;
				CLANG_WARN_INT_CONVERSION = YES;
				CLANG_WARN_NON_LITERAL_NULL_CONVERSION = YES;
				CLANG_WARN_OBJC_IMPLICIT_RETAIN_SELF = YES;
				CLANG_WARN_OBJC_LITERAL_CONVERSION = YES;
				CLANG_WARN_OBJC_ROOT_CLASS = YES_ERROR;
				CLANG_WARN_RANGE_LOOP_ANALYSIS = YES;
				CLANG_WARN_STRICT_PROTOTYPES = YES;
				CLANG_WARN_SUSPICIOUS_MOVE = YES;
				CLANG_WARN_UNGUARDED_AVAILABILITY = YES_AGGRESSIVE;
				CLANG_WARN_UNREACHABLE_CODE = YES;
				CLANG_WARN__DUPLICATE_METHOD_MATCH = YES;
				COPY_PHASE_STRIP = NO;
				DEBUG_INFORMATION_FORMAT = dwarf;
				ENABLE_STRICT_OBJC_MSGSEND = YES;
				ENABLE_TESTABILITY = YES;
				GCC_C_LANGUAGE_STANDARD = gnu11;
				GCC_DYNAMIC_NO_PIC = NO;
				GCC_NO_COMMON_BLOCKS = YES;
				GCC_OPTIMIZATION_LEVEL = 0;
				GCC_PREPROCESSOR_DEFINITIONS = (
					"DEBUG=1",
					"$(inherited)",
				);
				GCC_WARN_64_TO_32_BIT_CONVERSION = YES;
				GCC_WARN_ABOUT_RETURN_TYPE = YES_ERROR;
				GCC_WARN_UNDECLARED_SELECTOR = YES;
				GCC_WARN_UNINITIALIZED_AUTOS = YES_AGGRESSIVE;
				GCC_WARN_UNUSED_FUNCTION = YES;
				GCC_WARN_UNUSED_VARIABLE = YES;
				IPHONEOS_DEPLOYMENT_TARGET = 13.6;
				MTL_ENABLE_DEBUG_INFO = INCLUDE_SOURCE;
				MTL_FAST_MATH = YES;
				ONLY_ACTIVE_ARCH = YES;
				SDKROOT = iphoneos;
				SWIFT_ACTIVE_COMPILATION_CONDITIONS = DEBUG;
				SWIFT_OPTIMIZATION_LEVEL = "-Onone";
			};
			name = Debug;
		};
		DECE6AF224C1A58E00994C17 /* Release */ = {
			isa = XCBuildConfiguration;
			buildSettings = {
				ALWAYS_SEARCH_USER_PATHS = NO;
				CLANG_ANALYZER_NONNULL = YES;
				CLANG_ANALYZER_NUMBER_OBJECT_CONVERSION = YES_AGGRESSIVE;
				CLANG_CXX_LANGUAGE_STANDARD = "gnu++14";
				CLANG_CXX_LIBRARY = "libc++";
				CLANG_ENABLE_MODULES = YES;
				CLANG_ENABLE_OBJC_ARC = YES;
				CLANG_ENABLE_OBJC_WEAK = YES;
				CLANG_WARN_BLOCK_CAPTURE_AUTORELEASING = YES;
				CLANG_WARN_BOOL_CONVERSION = YES;
				CLANG_WARN_COMMA = YES;
				CLANG_WARN_CONSTANT_CONVERSION = YES;
				CLANG_WARN_DEPRECATED_OBJC_IMPLEMENTATIONS = YES;
				CLANG_WARN_DIRECT_OBJC_ISA_USAGE = YES_ERROR;
				CLANG_WARN_DOCUMENTATION_COMMENTS = YES;
				CLANG_WARN_EMPTY_BODY = YES;
				CLANG_WARN_ENUM_CONVERSION = YES;
				CLANG_WARN_INFINITE_RECURSION = YES;
				CLANG_WARN_INT_CONVERSION = YES;
				CLANG_WARN_NON_LITERAL_NULL_CONVERSION = YES;
				CLANG_WARN_OBJC_IMPLICIT_RETAIN_SELF = YES;
				CLANG_WARN_OBJC_LITERAL_CONVERSION = YES;
				CLANG_WARN_OBJC_ROOT_CLASS = YES_ERROR;
				CLANG_WARN_RANGE_LOOP_ANALYSIS = YES;
				CLANG_WARN_STRICT_PROTOTYPES = YES;
				CLANG_WARN_SUSPICIOUS_MOVE = YES;
				CLANG_WARN_UNGUARDED_AVAILABILITY = YES_AGGRESSIVE;
				CLANG_WARN_UNREACHABLE_CODE = YES;
				CLANG_WARN__DUPLICATE_METHOD_MATCH = YES;
				COPY_PHASE_STRIP = NO;
				DEBUG_INFORMATION_FORMAT = "dwarf-with-dsym";
				ENABLE_NS_ASSERTIONS = NO;
				ENABLE_STRICT_OBJC_MSGSEND = YES;
				GCC_C_LANGUAGE_STANDARD = gnu11;
				GCC_NO_COMMON_BLOCKS = YES;
				GCC_WARN_64_TO_32_BIT_CONVERSION = YES;
				GCC_WARN_ABOUT_RETURN_TYPE = YES_ERROR;
				GCC_WARN_UNDECLARED_SELECTOR = YES;
				GCC_WARN_UNINITIALIZED_AUTOS = YES_AGGRESSIVE;
				GCC_WARN_UNUSED_FUNCTION = YES;
				GCC_WARN_UNUSED_VARIABLE = YES;
				IPHONEOS_DEPLOYMENT_TARGET = 13.6;
				MTL_ENABLE_DEBUG_INFO = NO;
				MTL_FAST_MATH = YES;
				SDKROOT = iphoneos;
				SWIFT_COMPILATION_MODE = wholemodule;
				SWIFT_OPTIMIZATION_LEVEL = "-O";
				VALIDATE_PRODUCT = YES;
			};
			name = Release;
		};
		DECE6AF424C1A58E00994C17 /* Debug */ = {
			isa = XCBuildConfiguration;
			buildSettings = {
				ASSETCATALOG_COMPILER_APPICON_NAME = AppIcon;
				CODE_SIGN_STYLE = Automatic;
				DEVELOPMENT_TEAM = 7GYSCUXZE5;
				INFOPLIST_FILE = "airport list/Info.plist";
				LD_RUNPATH_SEARCH_PATHS = (
					"$(inherited)",
					"@executable_path/Frameworks",
				);
				PRODUCT_BUNDLE_IDENTIFIER = "com.yacob.airport-list";
				PRODUCT_NAME = "$(TARGET_NAME)";
				SWIFT_VERSION = 5.0;
				TARGETED_DEVICE_FAMILY = "1,2";
			};
			name = Debug;
		};
		DECE6AF524C1A58E00994C17 /* Release */ = {
			isa = XCBuildConfiguration;
			buildSettings = {
				ASSETCATALOG_COMPILER_APPICON_NAME = AppIcon;
				CODE_SIGN_STYLE = Automatic;
				DEVELOPMENT_TEAM = 7GYSCUXZE5;
				INFOPLIST_FILE = "airport list/Info.plist";
				LD_RUNPATH_SEARCH_PATHS = (
					"$(inherited)",
					"@executable_path/Frameworks",
				);
				PRODUCT_BUNDLE_IDENTIFIER = "com.yacob.airport-list";
				PRODUCT_NAME = "$(TARGET_NAME)";
				SWIFT_VERSION = 5.0;
				TARGETED_DEVICE_FAMILY = "1,2";
			};
			name = Release;
		};
/* End XCBuildConfiguration section */

/* Begin XCConfigurationList section */
		DECE6ADA24C1A58C00994C17 /* Build configuration list for PBXProject "airport list" */ = {
			isa = XCConfigurationList;
			buildConfigurations = (
				DECE6AF124C1A58E00994C17 /* Debug */,
				DECE6AF224C1A58E00994C17 /* Release */,
			);
			defaultConfigurationIsVisible = 0;
			defaultConfigurationName = Release;
		};
		DECE6AF324C1A58E00994C17 /* Build configuration list for PBXNativeTarget "airport list" */ = {
			isa = XCConfigurationList;
			buildConfigurations = (
				DECE6AF424C1A58E00994C17 /* Debug */,
				DECE6AF524C1A58E00994C17 /* Release */,
			);
			defaultConfigurationIsVisible = 0;
			defaultConfigurationName = Release;
		};
/* End XCConfigurationList section */
	};
	rootObject = DECE6AD724C1A58C00994C17 /* Project object */;
}
